
Microsoft Visual Studio Solution File, Format Version 12.00
# Visual Studio Version 17
VisualStudioVersion = 17.5.33424.131
MinimumVisualStudioVersion = 10.0.40219.1
Project("{8BC9CEB8-8B4A-11D0-8D11-00A0C91BC942}") = "01_HelloWorld", "01_HelloWorld\01_HelloWorld.vcxproj", "{D6250FAB-91B8-45B5-B1B5-5730F0F0B560}"
EndProject
Project("{8BC9CEB8-8B4A-11D0-8D11-00A0C91BC942}") = "02_Variable", "02_Variable\02_Variable.vcxproj", "{1068625B-EFCA-4E30-8DF5-428E0829099D}"
EndProject
Project("{8BC9CEB8-8B4A-11D0-8D11-00A0C91BC942}") = "03_Condition", "03_Condition\03_Condition.vcxproj", "{4F9A14FC-4503-46D9-B091-47F6875479AB}"
EndProject
Project("{8BC9CEB8-8B4A-11D0-8D11-00A0C91BC942}") = "04_Loop(for)", "04_Loop(for)\04_Loop(for).vcxproj", "{F7F3F6A9-6ADB-4A3B-9891-BFE6BB14486E}"
EndProject
Project("{8BC9CEB8-8B4A-11D0-8D11-00A0C91BC942}") = "05_Array", "05_Array\05_Array.vcxproj", "{F679EBA3-F699-4AD1-AC95-D3FF571E904A}"
EndProject
Project("{8BC9CEB8-8B4A-11D0-8D11-00A0C91BC942}") = "06_Char", "06_Char\06_Char.vcxproj", "{FEDCBD44-79E4-42E3-A545-B2790C9F300C}"
EndProject
Project("{8BC9CEB8-8B4A-11D0-8D11-00A0C91BC942}") = "07_Function", "07_Function\07_Function.vcxproj", "{2E766A66-5114-47E1-AA44-D8FF9F7E1FF3}"
EndProject
Project("{8BC9CEB8-8B4A-11D0-8D11-00A0C91BC942}") = "08_ASCII", "08_ASCII\08_ASCII.vcxproj", "{1F1EA73C-0A3B-4D62-9998-EEC0BBDA6B4B}"
EndProject
Project("{8BC9CEB8-8B4A-11D0-8D11-00A0C91BC942}") = "09_Loop(while)", "09_Loop(while)\09_Loop(while).vcxproj", "{E1297082-4501-4ADE-AFD9-0BA51EEC93E6}"
EndProject
Project("{8BC9CEB8-8B4A-11D0-8D11-00A0C91BC942}") = "10_Swap", "10_Swap\10_Swap.vcxproj", "{2A9C7F51-B37D-46C9-AF53-F37DA82425C4}"
EndProject
Project("{8BC9CEB8-8B4A-11D0-8D11-00A0C91BC942}") = "11_Struct", "11_Struct\11_Struct.vcxproj", "{0D0D2B0D-4839-4E5F-8267-A6156D5E914B}"
EndProject
Project("{8BC9CEB8-8B4A-11D0-8D11-00A0C91BC942}") = "12_Pointer", "12_Pointer\12_Pointer.vcxproj", "{2047D038-A1AF-4B33-B595-5623409C30CB}"
EndProject
Project("{8BC9CEB8-8B4A-11D0-8D11-00A0C91BC942}") = "13_Flag", "13_Flag\13_Flag.vcxproj", "{313C6985-F6F7-4363-8747-AE543B90D989}"
EndProject
Project("{8BC9CEB8-8B4A-11D0-8D11-00A0C91BC942}") = "12_Pointer_1", "12_Pointer_1\12_Pointer_1.vcxproj", "{F1A5679F-1E00-46DA-ACA7-3C6D8A01E315}"
EndProject
Global
	GlobalSection(SolutionConfigurationPlatforms) = preSolution
		Debug|x64 = Debug|x64
		Debug|x86 = Debug|x86
		Release|x64 = Release|x64
		Release|x86 = Release|x86
	EndGlobalSection
	GlobalSection(ProjectConfigurationPlatforms) = postSolution
		{D6250FAB-91B8-45B5-B1B5-5730F0F0B560}.Debug|x64.ActiveCfg = Debug|x64
		{D6250FAB-91B8-45B5-B1B5-5730F0F0B560}.Debug|x64.Build.0 = Debug|x64
		{D6250FAB-91B8-45B5-B1B5-5730F0F0B560}.Debug|x86.ActiveCfg = Debug|Win32
		{D6250FAB-91B8-45B5-B1B5-5730F0F0B560}.Debug|x86.Build.0 = Debug|Win32
		{D6250FAB-91B8-45B5-B1B5-5730F0F0B560}.Release|x64.ActiveCfg = Release|x64
		{D6250FAB-91B8-45B5-B1B5-5730F0F0B560}.Release|x64.Build.0 = Release|x64
		{D6250FAB-91B8-45B5-B1B5-5730F0F0B560}.Release|x86.ActiveCfg = Release|Win32
		{D6250FAB-91B8-45B5-B1B5-5730F0F0B560}.Release|x86.Build.0 = Release|Win32
		{1068625B-EFCA-4E30-8DF5-428E0829099D}.Debug|x64.ActiveCfg = Debug|x64
		{1068625B-EFCA-4E30-8DF5-428E0829099D}.Debug|x64.Build.0 = Debug|x64
		{1068625B-EFCA-4E30-8DF5-428E0829099D}.Debug|x86.ActiveCfg = Debug|Win32
		{1068625B-EFCA-4E30-8DF5-428E0829099D}.Debug|x86.Build.0 = Debug|Win32
		{1068625B-EFCA-4E30-8DF5-428E0829099D}.Release|x64.ActiveCfg = Release|x64
		{1068625B-EFCA-4E30-8DF5-428E0829099D}.Release|x64.Build.0 = Release|x64
		{1068625B-EFCA-4E30-8DF5-428E0829099D}.Release|x86.ActiveCfg = Release|Win32
		{1068625B-EFCA-4E30-8DF5-428E0829099D}.Release|x86.Build.0 = Release|Win32
		{4F9A14FC-4503-46D9-B091-47F6875479AB}.Debug|x64.ActiveCfg = Debug|x64
		{4F9A14FC-4503-46D9-B091-47F6875479AB}.Debug|x64.Build.0 = Debug|x64
		{4F9A14FC-4503-46D9-B091-47F6875479AB}.Debug|x86.ActiveCfg = Debug|Win32
		{4F9A14FC-4503-46D9-B091-47F6875479AB}.Debug|x86.Build.0 = Debug|Win32
		{4F9A14FC-4503-46D9-B091-47F6875479AB}.Release|x64.ActiveCfg = Release|x64
		{4F9A14FC-4503-46D9-B091-47F6875479AB}.Release|x64.Build.0 = Release|x64
		{4F9A14FC-4503-46D9-B091-47F6875479AB}.Release|x86.ActiveCfg = Release|Win32
		{4F9A14FC-4503-46D9-B091-47F6875479AB}.Release|x86.Build.0 = Release|Win32
		{F7F3F6A9-6ADB-4A3B-9891-BFE6BB14486E}.Debug|x64.ActiveCfg = Debug|x64
		{F7F3F6A9-6ADB-4A3B-9891-BFE6BB14486E}.Debug|x64.Build.0 = Debug|x64
		{F7F3F6A9-6ADB-4A3B-9891-BFE6BB14486E}.Debug|x86.ActiveCfg = Debug|Win32
		{F7F3F6A9-6ADB-4A3B-9891-BFE6BB14486E}.Debug|x86.Build.0 = Debug|Win32
		{F7F3F6A9-6ADB-4A3B-9891-BFE6BB14486E}.Release|x64.ActiveCfg = Release|x64
		{F7F3F6A9-6ADB-4A3B-9891-BFE6BB14486E}.Release|x64.Build.0 = Release|x64
		{F7F3F6A9-6ADB-4A3B-9891-BFE6BB14486E}.Release|x86.ActiveCfg = Release|Win32
		{F7F3F6A9-6ADB-4A3B-9891-BFE6BB14486E}.Release|x86.Build.0 = Release|Win32
		{F679EBA3-F699-4AD1-AC95-D3FF571E904A}.Debug|x64.ActiveCfg = Debug|x64
		{F679EBA3-F699-4AD1-AC95-D3FF571E904A}.Debug|x64.Build.0 = Debug|x64
		{F679EBA3-F699-4AD1-AC95-D3FF571E904A}.Debug|x86.ActiveCfg = Debug|Win32
		{F679EBA3-F699-4AD1-AC95-D3FF571E904A}.Debug|x86.Build.0 = Debug|Win32
		{F679EBA3-F699-4AD1-AC95-D3FF571E904A}.Release|x64.ActiveCfg = Release|x64
		{F679EBA3-F699-4AD1-AC95-D3FF571E904A}.Release|x64.Build.0 = Release|x64
		{F679EBA3-F699-4AD1-AC95-D3FF571E904A}.Release|x86.ActiveCfg = Release|Win32
		{F679EBA3-F699-4AD1-AC95-D3FF571E904A}.Release|x86.Build.0 = Release|Win32
		{FEDCBD44-79E4-42E3-A545-B2790C9F300C}.Debug|x64.ActiveCfg = Debug|x64
		{FEDCBD44-79E4-42E3-A545-B2790C9F300C}.Debug|x64.Build.0 = Debug|x64
		{FEDCBD44-79E4-42E3-A545-B2790C9F300C}.Debug|x86.ActiveCfg = Debug|Win32
		{FEDCBD44-79E4-42E3-A545-B2790C9F300C}.Debug|x86.Build.0 = Debug|Win32
		{FEDCBD44-79E4-42E3-A545-B2790C9F300C}.Release|x64.ActiveCfg = Release|x64
		{FEDCBD44-79E4-42E3-A545-B2790C9F300C}.Release|x64.Build.0 = Release|x64
		{FEDCBD44-79E4-42E3-A545-B2790C9F300C}.Release|x86.ActiveCfg = Release|Win32
		{FEDCBD44-79E4-42E3-A545-B2790C9F300C}.Release|x86.Build.0 = Release|Win32
		{2E766A66-5114-47E1-AA44-D8FF9F7E1FF3}.Debug|x64.ActiveCfg = Debug|x64
		{2E766A66-5114-47E1-AA44-D8FF9F7E1FF3}.Debug|x64.Build.0 = Debug|x64
		{2E766A66-5114-47E1-AA44-D8FF9F7E1FF3}.Debug|x86.ActiveCfg = Debug|Win32
		{2E766A66-5114-47E1-AA44-D8FF9F7E1FF3}.Debug|x86.Build.0 = Debug|Win32
		{2E766A66-5114-47E1-AA44-D8FF9F7E1FF3}.Release|x64.ActiveCfg = Release|x64
		{2E766A66-5114-47E1-AA44-D8FF9F7E1FF3}.Release|x64.Build.0 = Release|x64
		{2E766A66-5114-47E1-AA44-D8FF9F7E1FF3}.Release|x86.ActiveCfg = Release|Win32
		{2E766A66-5114-47E1-AA44-D8FF9F7E1FF3}.Release|x86.Build.0 = Release|Win32
		{1F1EA73C-0A3B-4D62-9998-EEC0BBDA6B4B}.Debug|x64.ActiveCfg = Debug|x64
		{1F1EA73C-0A3B-4D62-9998-EEC0BBDA6B4B}.Debug|x64.Build.0 = Debug|x64
		{1F1EA73C-0A3B-4D62-9998-EEC0BBDA6B4B}.Debug|x86.ActiveCfg = Debug|Win32
		{1F1EA73C-0A3B-4D62-9998-EEC0BBDA6B4B}.Debug|x86.Build.0 = Debug|Win32
		{1F1EA73C-0A3B-4D62-9998-EEC0BBDA6B4B}.Release|x64.ActiveCfg = Release|x64
		{1F1EA73C-0A3B-4D62-9998-EEC0BBDA6B4B}.Release|x64.Build.0 = Release|x64
		{1F1EA73C-0A3B-4D62-9998-EEC0BBDA6B4B}.Release|x86.ActiveCfg = Release|Win32
		{1F1EA73C-0A3B-4D62-9998-EEC0BBDA6B4B}.Release|x86.Build.0 = Release|Win32
		{E1297082-4501-4ADE-AFD9-0BA51EEC93E6}.Debug|x64.ActiveCfg = Debug|x64
		{E1297082-4501-4ADE-AFD9-0BA51EEC93E6}.Debug|x64.Build.0 = Debug|x64
		{E1297082-4501-4ADE-AFD9-0BA51EEC93E6}.Debug|x86.ActiveCfg = Debug|Win32
		{E1297082-4501-4ADE-AFD9-0BA51EEC93E6}.Debug|x86.Build.0 = Debug|Win32
		{E1297082-4501-4ADE-AFD9-0BA51EEC93E6}.Release|x64.ActiveCfg = Release|x64
		{E1297082-4501-4ADE-AFD9-0BA51EEC93E6}.Release|x64.Build.0 = Release|x64
		{E1297082-4501-4ADE-AFD9-0BA51EEC93E6}.Release|x86.ActiveCfg = Release|Win32
		{E1297082-4501-4ADE-AFD9-0BA51EEC93E6}.Release|x86.Build.0 = Release|Win32
		{2A9C7F51-B37D-46C9-AF53-F37DA82425C4}.Debug|x64.ActiveCfg = Debug|x64
		{2A9C7F51-B37D-46C9-AF53-F37DA82425C4}.Debug|x64.Build.0 = Debug|x64
		{2A9C7F51-B37D-46C9-AF53-F37DA82425C4}.Debug|x86.ActiveCfg = Debug|Win32
		{2A9C7F51-B37D-46C9-AF53-F37DA82425C4}.Debug|x86.Build.0 = Debug|Win32
		{2A9C7F51-B37D-46C9-AF53-F37DA82425C4}.Release|x64.ActiveCfg = Release|x64
		{2A9C7F51-B37D-46C9-AF53-F37DA82425C4}.Release|x64.Build.0 = Release|x64
		{2A9C7F51-B37D-46C9-AF53-F37DA82425C4}.Release|x86.ActiveCfg = Release|Win32
		{2A9C7F51-B37D-46C9-AF53-F37DA82425C4}.Release|x86.Build.0 = Release|Win32
		{0D0D2B0D-4839-4E5F-8267-A6156D5E914B}.Debug|x64.ActiveCfg = Debug|x64
		{0D0D2B0D-4839-4E5F-8267-A6156D5E914B}.Debug|x64.Build.0 = Debug|x64
		{0D0D2B0D-4839-4E5F-8267-A6156D5E914B}.Debug|x86.ActiveCfg = Debug|Win32
		{0D0D2B0D-4839-4E5F-8267-A6156D5E914B}.Debug|x86.Build.0 = Debug|Win32
		{0D0D2B0D-4839-4E5F-8267-A6156D5E914B}.Release|x64.ActiveCfg = Release|x64
		{0D0D2B0D-4839-4E5F-8267-A6156D5E914B}.Release|x64.Build.0 = Release|x64
		{0D0D2B0D-4839-4E5F-8267-A6156D5E914B}.Release|x86.ActiveCfg = Release|Win32
		{0D0D2B0D-4839-4E5F-8267-A6156D5E914B}.Release|x86.Build.0 = Release|Win32
		{2047D038-A1AF-4B33-B595-5623409C30CB}.Debug|x64.ActiveCfg = Debug|x64
		{2047D038-A1AF-4B33-B595-5623409C30CB}.Debug|x64.Build.0 = Debug|x64
		{2047D038-A1AF-4B33-B595-5623409C30CB}.Debug|x86.ActiveCfg = Debug|Win32
		{2047D038-A1AF-4B33-B595-5623409C30CB}.Debug|x86.Build.0 = Debug|Win32
		{2047D038-A1AF-4B33-B595-5623409C30CB}.Release|x64.ActiveCfg = Release|x64
		{2047D038-A1AF-4B33-B595-5623409C30CB}.Release|x64.Build.0 = Release|x64
		{2047D038-A1AF-4B33-B595-5623409C30CB}.Release|x86.ActiveCfg = Release|Win32
		{2047D038-A1AF-4B33-B595-5623409C30CB}.Release|x86.Build.0 = Release|Win32
		{313C6985-F6F7-4363-8747-AE543B90D989}.Debug|x64.ActiveCfg = Debug|x64
		{313C6985-F6F7-4363-8747-AE543B90D989}.Debug|x64.Build.0 = Debug|x64
		{313C6985-F6F7-4363-8747-AE543B90D989}.Debug|x86.ActiveCfg = Debug|Win32
		{313C6985-F6F7-4363-8747-AE543B90D989}.Debug|x86.Build.0 = Debug|Win32
		{313C6985-F6F7-4363-8747-AE543B90D989}.Release|x64.ActiveCfg = Release|x64
		{313C6985-F6F7-4363-8747-AE543B90D989}.Release|x64.Build.0 = Release|x64
		{313C6985-F6F7-4363-8747-AE543B90D989}.Release|x86.ActiveCfg = Release|Win32
		{313C6985-F6F7-4363-8747-AE543B90D989}.Release|x86.Build.0 = Release|Win32
		{F1A5679F-1E00-46DA-ACA7-3C6D8A01E315}.Debug|x64.ActiveCfg = Debug|x64
		{F1A5679F-1E00-46DA-ACA7-3C6D8A01E315}.Debug|x64.Build.0 = Debug|x64
		{F1A5679F-1E00-46DA-ACA7-3C6D8A01E315}.Debug|x86.ActiveCfg = Debug|Win32
		{F1A5679F-1E00-46DA-ACA7-3C6D8A01E315}.Debug|x86.Build.0 = Debug|Win32
		{F1A5679F-1E00-46DA-ACA7-3C6D8A01E315}.Release|x64.ActiveCfg = Release|x64
		{F1A5679F-1E00-46DA-ACA7-3C6D8A01E315}.Release|x64.Build.0 = Release|x64
		{F1A5679F-1E00-46DA-ACA7-3C6D8A01E315}.Release|x86.ActiveCfg = Release|Win32
		{F1A5679F-1E00-46DA-ACA7-3C6D8A01E315}.Release|x86.Build.0 = Release|Win32
	EndGlobalSection
	GlobalSection(SolutionProperties) = preSolution
		HideSolutionNode = FALSE
	EndGlobalSection
	GlobalSection(ExtensibilityGlobals) = postSolution
		SolutionGuid = {C88FCA3B-F2FF-48CC-8742-E80EE084963C}
	EndGlobalSection
EndGlobal
