
Microsoft Visual Studio Solution File, Format Version 12.00
# Visual Studio Version 17
VisualStudioVersion = 17.5.33424.131
MinimumVisualStudioVersion = 10.0.40219.1
Project("{8BC9CEB8-8B4A-11D0-8D11-00A0C91BC942}") = "HomeWork Level_01", "HomeWork Level1\HomeWork Level1.vcxproj", "{BB399D88-AFA5-4C67-BB23-C32F57DDB387}"
EndProject
Project("{8BC9CEB8-8B4A-11D0-8D11-00A0C91BC942}") = "HomeWork Level_02", "HomeWork Level2\HomeWork Level2.vcxproj", "{9EED7DA9-A4D2-453F-914D-7DC8DE6C0382}"
EndProject
Project("{8BC9CEB8-8B4A-11D0-8D11-00A0C91BC942}") = "HomeWork Level_03", "HomeWork Level3\HomeWork Level3.vcxproj", "{9FE4999A-FFB6-4472-982B-74594EC97480}"
EndProject
Project("{8BC9CEB8-8B4A-11D0-8D11-00A0C91BC942}") = "HomeWork Level_04", "HomeWork Level4\HomeWork Level4.vcxproj", "{CB116CBD-502B-4657-845A-8D321E176F44}"
EndProject
Project("{8BC9CEB8-8B4A-11D0-8D11-00A0C91BC942}") = "HomeWork Level_05", "HomeWork Level5\HomeWork Level5.vcxproj", "{B5E94562-6215-485B-90DD-6D902A08EAF4}"
EndProject
Project("{8BC9CEB8-8B4A-11D0-8D11-00A0C91BC942}") = "HomeWork Level_06", "HomeWork Level6\HomeWork Level6.vcxproj", "{6DEBC9E2-2A0D-4B90-AA04-94D715CF7BBD}"
EndProject
Project("{8BC9CEB8-8B4A-11D0-8D11-00A0C91BC942}") = "HomeWork Level_07", "HomeWork Level7\HomeWork Level7.vcxproj", "{1A20784B-FDDC-4D5D-8A46-A59DA041B4E4}"
EndProject
Project("{8BC9CEB8-8B4A-11D0-8D11-00A0C91BC942}") = "HomeWorkNote", "HomeWorkNote\HomeWorkNote.vcxproj", "{3B15098F-844D-443F-955D-371BE544A516}"
EndProject
Project("{8BC9CEB8-8B4A-11D0-8D11-00A0C91BC942}") = "HomeWork Level_08", "HomeWork Level8\HomeWork Level8.vcxproj", "{023A65BF-C455-4E9A-882A-AAC705662FD1}"
EndProject
Project("{8BC9CEB8-8B4A-11D0-8D11-00A0C91BC942}") = "HomeWork Level_09", "HomeWork Level9\HomeWork Level9.vcxproj", "{1CA81E82-CB63-4C39-8D4C-DA1B90B56E6C}"
EndProject
Project("{8BC9CEB8-8B4A-11D0-8D11-00A0C91BC942}") = "HomeWork Level_10", "HomeWork Level_10\HomeWork Level_10.vcxproj", "{E5C9217F-6017-45F1-84DA-76001E535493}"
EndProject
Project("{8BC9CEB8-8B4A-11D0-8D11-00A0C91BC942}") = "HomeWork Level_11", "HomeWork Level_11\HomeWork Level_11.vcxproj", "{90DC358D-7DF2-4114-BCC2-4C76EA519A8F}"
EndProject
Project("{8BC9CEB8-8B4A-11D0-8D11-00A0C91BC942}") = "HomeWork Level_12", "HomeWork Level_12\HomeWork Level_12.vcxproj", "{23BB4355-ED21-4C5F-9D06-F02F2348FF0E}"
EndProject
Project("{8BC9CEB8-8B4A-11D0-8D11-00A0C91BC942}") = "HomeWork Level_13", "HomeWork Level_13\HomeWork Level_13.vcxproj", "{C4C2DE6A-3470-4C83-91D9-8566B0D39CF2}"
EndProject
Project("{8BC9CEB8-8B4A-11D0-8D11-00A0C91BC942}") = "HomeWork Level_14", "HomeWork Level_14\HomeWork Level_14.vcxproj", "{1CFF43AC-A6E8-45DA-AA89-61F05A43A3E7}"
EndProject
Project("{8BC9CEB8-8B4A-11D0-8D11-00A0C91BC942}") = "HomeWork Level_15", "HomeWork Level_15\HomeWork Level_15.vcxproj", "{DB0F1CA5-307E-4D55-BD9D-6B6CAEB97AB5}"
EndProject
Project("{8BC9CEB8-8B4A-11D0-8D11-00A0C91BC942}") = "HomeWork Level_16", "HomeWork Level_16\HomeWork Level_16.vcxproj", "{1C3C53B5-0C6A-48D0-A133-F2551357850C}"
EndProject
Project("{8BC9CEB8-8B4A-11D0-8D11-00A0C91BC942}") = "HomeWork Level_15~01", "HomeWork Level_15~01\HomeWork Level_15~01.vcxproj", "{B65A1C3F-4FC3-4240-9D6C-32156FC955BB}"
EndProject
Project("{8BC9CEB8-8B4A-11D0-8D11-00A0C91BC942}") = "HomeWork Level_17", "HomeWork Level_17\HomeWork Level_17.vcxproj", "{E5AFF802-DDA2-4066-BC50-CCFFBD4AC216}"
EndProject
Project("{8BC9CEB8-8B4A-11D0-8D11-00A0C91BC942}") = "HomeWork Level_18", "HomeWork Level_18\HomeWork Level_18.vcxproj", "{23F41128-F058-4231-B461-3AE3DD23E390}"
EndProject
Project("{8BC9CEB8-8B4A-11D0-8D11-00A0C91BC942}") = "HomeWork Level_19", "HomeWork Level_19\HomeWork Level_19.vcxproj", "{47875005-05ED-4877-901B-F86C97021A6F}"
EndProject
Project("{8BC9CEB8-8B4A-11D0-8D11-00A0C91BC942}") = "HomeWork Level_20", "HomeWork Level_20\HomeWork Level_20.vcxproj", "{4A505076-7251-4E98-BA91-67E6EC20C00E}"
EndProject
Global
	GlobalSection(SolutionConfigurationPlatforms) = preSolution
		Debug|x64 = Debug|x64
		Debug|x86 = Debug|x86
		Release|x64 = Release|x64
		Release|x86 = Release|x86
	EndGlobalSection
	GlobalSection(ProjectConfigurationPlatforms) = postSolution
		{BB399D88-AFA5-4C67-BB23-C32F57DDB387}.Debug|x64.ActiveCfg = Debug|x64
		{BB399D88-AFA5-4C67-BB23-C32F57DDB387}.Debug|x64.Build.0 = Debug|x64
		{BB399D88-AFA5-4C67-BB23-C32F57DDB387}.Debug|x86.ActiveCfg = Debug|Win32
		{BB399D88-AFA5-4C67-BB23-C32F57DDB387}.Debug|x86.Build.0 = Debug|Win32
		{BB399D88-AFA5-4C67-BB23-C32F57DDB387}.Release|x64.ActiveCfg = Release|x64
		{BB399D88-AFA5-4C67-BB23-C32F57DDB387}.Release|x64.Build.0 = Release|x64
		{BB399D88-AFA5-4C67-BB23-C32F57DDB387}.Release|x86.ActiveCfg = Release|Win32
		{BB399D88-AFA5-4C67-BB23-C32F57DDB387}.Release|x86.Build.0 = Release|Win32
		{9EED7DA9-A4D2-453F-914D-7DC8DE6C0382}.Debug|x64.ActiveCfg = Debug|x64
		{9EED7DA9-A4D2-453F-914D-7DC8DE6C0382}.Debug|x64.Build.0 = Debug|x64
		{9EED7DA9-A4D2-453F-914D-7DC8DE6C0382}.Debug|x86.ActiveCfg = Debug|Win32
		{9EED7DA9-A4D2-453F-914D-7DC8DE6C0382}.Debug|x86.Build.0 = Debug|Win32
		{9EED7DA9-A4D2-453F-914D-7DC8DE6C0382}.Release|x64.ActiveCfg = Release|x64
		{9EED7DA9-A4D2-453F-914D-7DC8DE6C0382}.Release|x64.Build.0 = Release|x64
		{9EED7DA9-A4D2-453F-914D-7DC8DE6C0382}.Release|x86.ActiveCfg = Release|Win32
		{9EED7DA9-A4D2-453F-914D-7DC8DE6C0382}.Release|x86.Build.0 = Release|Win32
		{9FE4999A-FFB6-4472-982B-74594EC97480}.Debug|x64.ActiveCfg = Debug|x64
		{9FE4999A-FFB6-4472-982B-74594EC97480}.Debug|x64.Build.0 = Debug|x64
		{9FE4999A-FFB6-4472-982B-74594EC97480}.Debug|x86.ActiveCfg = Debug|Win32
		{9FE4999A-FFB6-4472-982B-74594EC97480}.Debug|x86.Build.0 = Debug|Win32
		{9FE4999A-FFB6-4472-982B-74594EC97480}.Release|x64.ActiveCfg = Release|x64
		{9FE4999A-FFB6-4472-982B-74594EC97480}.Release|x64.Build.0 = Release|x64
		{9FE4999A-FFB6-4472-982B-74594EC97480}.Release|x86.ActiveCfg = Release|Win32
		{9FE4999A-FFB6-4472-982B-74594EC97480}.Release|x86.Build.0 = Release|Win32
		{CB116CBD-502B-4657-845A-8D321E176F44}.Debug|x64.ActiveCfg = Debug|x64
		{CB116CBD-502B-4657-845A-8D321E176F44}.Debug|x64.Build.0 = Debug|x64
		{CB116CBD-502B-4657-845A-8D321E176F44}.Debug|x86.ActiveCfg = Debug|Win32
		{CB116CBD-502B-4657-845A-8D321E176F44}.Debug|x86.Build.0 = Debug|Win32
		{CB116CBD-502B-4657-845A-8D321E176F44}.Release|x64.ActiveCfg = Release|x64
		{CB116CBD-502B-4657-845A-8D321E176F44}.Release|x64.Build.0 = Release|x64
		{CB116CBD-502B-4657-845A-8D321E176F44}.Release|x86.ActiveCfg = Release|Win32
		{CB116CBD-502B-4657-845A-8D321E176F44}.Release|x86.Build.0 = Release|Win32
		{B5E94562-6215-485B-90DD-6D902A08EAF4}.Debug|x64.ActiveCfg = Debug|x64
		{B5E94562-6215-485B-90DD-6D902A08EAF4}.Debug|x64.Build.0 = Debug|x64
		{B5E94562-6215-485B-90DD-6D902A08EAF4}.Debug|x86.ActiveCfg = Debug|Win32
		{B5E94562-6215-485B-90DD-6D902A08EAF4}.Debug|x86.Build.0 = Debug|Win32
		{B5E94562-6215-485B-90DD-6D902A08EAF4}.Release|x64.ActiveCfg = Release|x64
		{B5E94562-6215-485B-90DD-6D902A08EAF4}.Release|x64.Build.0 = Release|x64
		{B5E94562-6215-485B-90DD-6D902A08EAF4}.Release|x86.ActiveCfg = Release|Win32
		{B5E94562-6215-485B-90DD-6D902A08EAF4}.Release|x86.Build.0 = Release|Win32
		{6DEBC9E2-2A0D-4B90-AA04-94D715CF7BBD}.Debug|x64.ActiveCfg = Debug|x64
		{6DEBC9E2-2A0D-4B90-AA04-94D715CF7BBD}.Debug|x64.Build.0 = Debug|x64
		{6DEBC9E2-2A0D-4B90-AA04-94D715CF7BBD}.Debug|x86.ActiveCfg = Debug|Win32
		{6DEBC9E2-2A0D-4B90-AA04-94D715CF7BBD}.Debug|x86.Build.0 = Debug|Win32
		{6DEBC9E2-2A0D-4B90-AA04-94D715CF7BBD}.Release|x64.ActiveCfg = Release|x64
		{6DEBC9E2-2A0D-4B90-AA04-94D715CF7BBD}.Release|x64.Build.0 = Release|x64
		{6DEBC9E2-2A0D-4B90-AA04-94D715CF7BBD}.Release|x86.ActiveCfg = Release|Win32
		{6DEBC9E2-2A0D-4B90-AA04-94D715CF7BBD}.Release|x86.Build.0 = Release|Win32
		{1A20784B-FDDC-4D5D-8A46-A59DA041B4E4}.Debug|x64.ActiveCfg = Debug|x64
		{1A20784B-FDDC-4D5D-8A46-A59DA041B4E4}.Debug|x64.Build.0 = Debug|x64
		{1A20784B-FDDC-4D5D-8A46-A59DA041B4E4}.Debug|x86.ActiveCfg = Debug|Win32
		{1A20784B-FDDC-4D5D-8A46-A59DA041B4E4}.Debug|x86.Build.0 = Debug|Win32
		{1A20784B-FDDC-4D5D-8A46-A59DA041B4E4}.Release|x64.ActiveCfg = Release|x64
		{1A20784B-FDDC-4D5D-8A46-A59DA041B4E4}.Release|x64.Build.0 = Release|x64
		{1A20784B-FDDC-4D5D-8A46-A59DA041B4E4}.Release|x86.ActiveCfg = Release|Win32
		{1A20784B-FDDC-4D5D-8A46-A59DA041B4E4}.Release|x86.Build.0 = Release|Win32
		{3B15098F-844D-443F-955D-371BE544A516}.Debug|x64.ActiveCfg = Debug|x64
		{3B15098F-844D-443F-955D-371BE544A516}.Debug|x64.Build.0 = Debug|x64
		{3B15098F-844D-443F-955D-371BE544A516}.Debug|x86.ActiveCfg = Debug|Win32
		{3B15098F-844D-443F-955D-371BE544A516}.Debug|x86.Build.0 = Debug|Win32
		{3B15098F-844D-443F-955D-371BE544A516}.Release|x64.ActiveCfg = Release|x64
		{3B15098F-844D-443F-955D-371BE544A516}.Release|x64.Build.0 = Release|x64
		{3B15098F-844D-443F-955D-371BE544A516}.Release|x86.ActiveCfg = Release|Win32
		{3B15098F-844D-443F-955D-371BE544A516}.Release|x86.Build.0 = Release|Win32
		{023A65BF-C455-4E9A-882A-AAC705662FD1}.Debug|x64.ActiveCfg = Debug|x64
		{023A65BF-C455-4E9A-882A-AAC705662FD1}.Debug|x64.Build.0 = Debug|x64
		{023A65BF-C455-4E9A-882A-AAC705662FD1}.Debug|x86.ActiveCfg = Debug|Win32
		{023A65BF-C455-4E9A-882A-AAC705662FD1}.Debug|x86.Build.0 = Debug|Win32
		{023A65BF-C455-4E9A-882A-AAC705662FD1}.Release|x64.ActiveCfg = Release|x64
		{023A65BF-C455-4E9A-882A-AAC705662FD1}.Release|x64.Build.0 = Release|x64
		{023A65BF-C455-4E9A-882A-AAC705662FD1}.Release|x86.ActiveCfg = Release|Win32
		{023A65BF-C455-4E9A-882A-AAC705662FD1}.Release|x86.Build.0 = Release|Win32
		{1CA81E82-CB63-4C39-8D4C-DA1B90B56E6C}.Debug|x64.ActiveCfg = Debug|x64
		{1CA81E82-CB63-4C39-8D4C-DA1B90B56E6C}.Debug|x64.Build.0 = Debug|x64
		{1CA81E82-CB63-4C39-8D4C-DA1B90B56E6C}.Debug|x86.ActiveCfg = Debug|Win32
		{1CA81E82-CB63-4C39-8D4C-DA1B90B56E6C}.Debug|x86.Build.0 = Debug|Win32
		{1CA81E82-CB63-4C39-8D4C-DA1B90B56E6C}.Release|x64.ActiveCfg = Release|x64
		{1CA81E82-CB63-4C39-8D4C-DA1B90B56E6C}.Release|x64.Build.0 = Release|x64
		{1CA81E82-CB63-4C39-8D4C-DA1B90B56E6C}.Release|x86.ActiveCfg = Release|Win32
		{1CA81E82-CB63-4C39-8D4C-DA1B90B56E6C}.Release|x86.Build.0 = Release|Win32
		{E5C9217F-6017-45F1-84DA-76001E535493}.Debug|x64.ActiveCfg = Debug|x64
		{E5C9217F-6017-45F1-84DA-76001E535493}.Debug|x64.Build.0 = Debug|x64
		{E5C9217F-6017-45F1-84DA-76001E535493}.Debug|x86.ActiveCfg = Debug|Win32
		{E5C9217F-6017-45F1-84DA-76001E535493}.Debug|x86.Build.0 = Debug|Win32
		{E5C9217F-6017-45F1-84DA-76001E535493}.Release|x64.ActiveCfg = Release|x64
		{E5C9217F-6017-45F1-84DA-76001E535493}.Release|x64.Build.0 = Release|x64
		{E5C9217F-6017-45F1-84DA-76001E535493}.Release|x86.ActiveCfg = Release|Win32
		{E5C9217F-6017-45F1-84DA-76001E535493}.Release|x86.Build.0 = Release|Win32
		{90DC358D-7DF2-4114-BCC2-4C76EA519A8F}.Debug|x64.ActiveCfg = Debug|x64
		{90DC358D-7DF2-4114-BCC2-4C76EA519A8F}.Debug|x64.Build.0 = Debug|x64
		{90DC358D-7DF2-4114-BCC2-4C76EA519A8F}.Debug|x86.ActiveCfg = Debug|Win32
		{90DC358D-7DF2-4114-BCC2-4C76EA519A8F}.Debug|x86.Build.0 = Debug|Win32
		{90DC358D-7DF2-4114-BCC2-4C76EA519A8F}.Release|x64.ActiveCfg = Release|x64
		{90DC358D-7DF2-4114-BCC2-4C76EA519A8F}.Release|x64.Build.0 = Release|x64
		{90DC358D-7DF2-4114-BCC2-4C76EA519A8F}.Release|x86.ActiveCfg = Release|Win32
		{90DC358D-7DF2-4114-BCC2-4C76EA519A8F}.Release|x86.Build.0 = Release|Win32
		{23BB4355-ED21-4C5F-9D06-F02F2348FF0E}.Debug|x64.ActiveCfg = Debug|x64
		{23BB4355-ED21-4C5F-9D06-F02F2348FF0E}.Debug|x64.Build.0 = Debug|x64
		{23BB4355-ED21-4C5F-9D06-F02F2348FF0E}.Debug|x86.ActiveCfg = Debug|Win32
		{23BB4355-ED21-4C5F-9D06-F02F2348FF0E}.Debug|x86.Build.0 = Debug|Win32
		{23BB4355-ED21-4C5F-9D06-F02F2348FF0E}.Release|x64.ActiveCfg = Release|x64
		{23BB4355-ED21-4C5F-9D06-F02F2348FF0E}.Release|x64.Build.0 = Release|x64
		{23BB4355-ED21-4C5F-9D06-F02F2348FF0E}.Release|x86.ActiveCfg = Release|Win32
		{23BB4355-ED21-4C5F-9D06-F02F2348FF0E}.Release|x86.Build.0 = Release|Win32
		{C4C2DE6A-3470-4C83-91D9-8566B0D39CF2}.Debug|x64.ActiveCfg = Debug|x64
		{C4C2DE6A-3470-4C83-91D9-8566B0D39CF2}.Debug|x64.Build.0 = Debug|x64
		{C4C2DE6A-3470-4C83-91D9-8566B0D39CF2}.Debug|x86.ActiveCfg = Debug|Win32
		{C4C2DE6A-3470-4C83-91D9-8566B0D39CF2}.Debug|x86.Build.0 = Debug|Win32
		{C4C2DE6A-3470-4C83-91D9-8566B0D39CF2}.Release|x64.ActiveCfg = Release|x64
		{C4C2DE6A-3470-4C83-91D9-8566B0D39CF2}.Release|x64.Build.0 = Release|x64
		{C4C2DE6A-3470-4C83-91D9-8566B0D39CF2}.Release|x86.ActiveCfg = Release|Win32
		{C4C2DE6A-3470-4C83-91D9-8566B0D39CF2}.Release|x86.Build.0 = Release|Win32
		{1CFF43AC-A6E8-45DA-AA89-61F05A43A3E7}.Debug|x64.ActiveCfg = Debug|x64
		{1CFF43AC-A6E8-45DA-AA89-61F05A43A3E7}.Debug|x64.Build.0 = Debug|x64
		{1CFF43AC-A6E8-45DA-AA89-61F05A43A3E7}.Debug|x86.ActiveCfg = Debug|Win32
		{1CFF43AC-A6E8-45DA-AA89-61F05A43A3E7}.Debug|x86.Build.0 = Debug|Win32
		{1CFF43AC-A6E8-45DA-AA89-61F05A43A3E7}.Release|x64.ActiveCfg = Release|x64
		{1CFF43AC-A6E8-45DA-AA89-61F05A43A3E7}.Release|x64.Build.0 = Release|x64
		{1CFF43AC-A6E8-45DA-AA89-61F05A43A3E7}.Release|x86.ActiveCfg = Release|Win32
		{1CFF43AC-A6E8-45DA-AA89-61F05A43A3E7}.Release|x86.Build.0 = Release|Win32
		{DB0F1CA5-307E-4D55-BD9D-6B6CAEB97AB5}.Debug|x64.ActiveCfg = Debug|x64
		{DB0F1CA5-307E-4D55-BD9D-6B6CAEB97AB5}.Debug|x64.Build.0 = Debug|x64
		{DB0F1CA5-307E-4D55-BD9D-6B6CAEB97AB5}.Debug|x86.ActiveCfg = Debug|Win32
		{DB0F1CA5-307E-4D55-BD9D-6B6CAEB97AB5}.Debug|x86.Build.0 = Debug|Win32
		{DB0F1CA5-307E-4D55-BD9D-6B6CAEB97AB5}.Release|x64.ActiveCfg = Release|x64
		{DB0F1CA5-307E-4D55-BD9D-6B6CAEB97AB5}.Release|x64.Build.0 = Release|x64
		{DB0F1CA5-307E-4D55-BD9D-6B6CAEB97AB5}.Release|x86.ActiveCfg = Release|Win32
		{DB0F1CA5-307E-4D55-BD9D-6B6CAEB97AB5}.Release|x86.Build.0 = Release|Win32
		{1C3C53B5-0C6A-48D0-A133-F2551357850C}.Debug|x64.ActiveCfg = Debug|x64
		{1C3C53B5-0C6A-48D0-A133-F2551357850C}.Debug|x64.Build.0 = Debug|x64
		{1C3C53B5-0C6A-48D0-A133-F2551357850C}.Debug|x86.ActiveCfg = Debug|Win32
		{1C3C53B5-0C6A-48D0-A133-F2551357850C}.Debug|x86.Build.0 = Debug|Win32
		{1C3C53B5-0C6A-48D0-A133-F2551357850C}.Release|x64.ActiveCfg = Release|x64
		{1C3C53B5-0C6A-48D0-A133-F2551357850C}.Release|x64.Build.0 = Release|x64
		{1C3C53B5-0C6A-48D0-A133-F2551357850C}.Release|x86.ActiveCfg = Release|Win32
		{1C3C53B5-0C6A-48D0-A133-F2551357850C}.Release|x86.Build.0 = Release|Win32
		{B65A1C3F-4FC3-4240-9D6C-32156FC955BB}.Debug|x64.ActiveCfg = Debug|x64
		{B65A1C3F-4FC3-4240-9D6C-32156FC955BB}.Debug|x64.Build.0 = Debug|x64
		{B65A1C3F-4FC3-4240-9D6C-32156FC955BB}.Debug|x86.ActiveCfg = Debug|Win32
		{B65A1C3F-4FC3-4240-9D6C-32156FC955BB}.Debug|x86.Build.0 = Debug|Win32
		{B65A1C3F-4FC3-4240-9D6C-32156FC955BB}.Release|x64.ActiveCfg = Release|x64
		{B65A1C3F-4FC3-4240-9D6C-32156FC955BB}.Release|x64.Build.0 = Release|x64
		{B65A1C3F-4FC3-4240-9D6C-32156FC955BB}.Release|x86.ActiveCfg = Release|Win32
		{B65A1C3F-4FC3-4240-9D6C-32156FC955BB}.Release|x86.Build.0 = Release|Win32
		{E5AFF802-DDA2-4066-BC50-CCFFBD4AC216}.Debug|x64.ActiveCfg = Debug|x64
		{E5AFF802-DDA2-4066-BC50-CCFFBD4AC216}.Debug|x64.Build.0 = Debug|x64
		{E5AFF802-DDA2-4066-BC50-CCFFBD4AC216}.Debug|x86.ActiveCfg = Debug|Win32
		{E5AFF802-DDA2-4066-BC50-CCFFBD4AC216}.Debug|x86.Build.0 = Debug|Win32
		{E5AFF802-DDA2-4066-BC50-CCFFBD4AC216}.Release|x64.ActiveCfg = Release|x64
		{E5AFF802-DDA2-4066-BC50-CCFFBD4AC216}.Release|x64.Build.0 = Release|x64
		{E5AFF802-DDA2-4066-BC50-CCFFBD4AC216}.Release|x86.ActiveCfg = Release|Win32
		{E5AFF802-DDA2-4066-BC50-CCFFBD4AC216}.Release|x86.Build.0 = Release|Win32
		{23F41128-F058-4231-B461-3AE3DD23E390}.Debug|x64.ActiveCfg = Debug|x64
		{23F41128-F058-4231-B461-3AE3DD23E390}.Debug|x64.Build.0 = Debug|x64
		{23F41128-F058-4231-B461-3AE3DD23E390}.Debug|x86.ActiveCfg = Debug|Win32
		{23F41128-F058-4231-B461-3AE3DD23E390}.Debug|x86.Build.0 = Debug|Win32
		{23F41128-F058-4231-B461-3AE3DD23E390}.Release|x64.ActiveCfg = Release|x64
		{23F41128-F058-4231-B461-3AE3DD23E390}.Release|x64.Build.0 = Release|x64
		{23F41128-F058-4231-B461-3AE3DD23E390}.Release|x86.ActiveCfg = Release|Win32
		{23F41128-F058-4231-B461-3AE3DD23E390}.Release|x86.Build.0 = Release|Win32
		{47875005-05ED-4877-901B-F86C97021A6F}.Debug|x64.ActiveCfg = Debug|x64
		{47875005-05ED-4877-901B-F86C97021A6F}.Debug|x64.Build.0 = Debug|x64
		{47875005-05ED-4877-901B-F86C97021A6F}.Debug|x86.ActiveCfg = Debug|Win32
		{47875005-05ED-4877-901B-F86C97021A6F}.Debug|x86.Build.0 = Debug|Win32
		{47875005-05ED-4877-901B-F86C97021A6F}.Release|x64.ActiveCfg = Release|x64
		{47875005-05ED-4877-901B-F86C97021A6F}.Release|x64.Build.0 = Release|x64
		{47875005-05ED-4877-901B-F86C97021A6F}.Release|x86.ActiveCfg = Release|Win32
		{47875005-05ED-4877-901B-F86C97021A6F}.Release|x86.Build.0 = Release|Win32
		{4A505076-7251-4E98-BA91-67E6EC20C00E}.Debug|x64.ActiveCfg = Debug|x64
		{4A505076-7251-4E98-BA91-67E6EC20C00E}.Debug|x64.Build.0 = Debug|x64
		{4A505076-7251-4E98-BA91-67E6EC20C00E}.Debug|x86.ActiveCfg = Debug|Win32
		{4A505076-7251-4E98-BA91-67E6EC20C00E}.Debug|x86.Build.0 = Debug|Win32
		{4A505076-7251-4E98-BA91-67E6EC20C00E}.Release|x64.ActiveCfg = Release|x64
		{4A505076-7251-4E98-BA91-67E6EC20C00E}.Release|x64.Build.0 = Release|x64
		{4A505076-7251-4E98-BA91-67E6EC20C00E}.Release|x86.ActiveCfg = Release|Win32
		{4A505076-7251-4E98-BA91-67E6EC20C00E}.Release|x86.Build.0 = Release|Win32
	EndGlobalSection
	GlobalSection(SolutionProperties) = preSolution
		HideSolutionNode = FALSE
	EndGlobalSection
	GlobalSection(ExtensibilityGlobals) = postSolution
		SolutionGuid = {6C22DDB2-D5F2-40C9-8F69-309EE0D3143D}
	EndGlobalSection
EndGlobal
